
Microsoft Visual Studio Solution File, Format Version 12.00
# Visual Studio Version 16
VisualStudioVersion = 16.0.32002.261
MinimumVisualStudioVersion = 10.0.40219.1
Project("{FAE04EC0-301F-11D3-BF4B-00C04F79EFBC}") = "AritmeticOperators", "AritmeticOperators\AritmeticOperators.csproj", "{56FB5710-809D-472E-B5FA-AF4E0BB8A502}"
EndProject
Project("{FAE04EC0-301F-11D3-BF4B-00C04F79EFBC}") = "ArtimeticOperators2", "ArtimeticOperators2\ArtimeticOperators2.csproj", "{3325F03B-F13B-47BA-96B3-331E72428026}"
EndProject
Project("{FAE04EC0-301F-11D3-BF4B-00C04F79EFBC}") = "LogicalOperators", "LogicalOperators\LogicalOperators.csproj", "{F84E5F4D-2F6E-4F07-A4F6-C70043F3E0E3}"
EndProject
Project("{FAE04EC0-301F-11D3-BF4B-00C04F79EFBC}") = "Classes", "Classes\Classes.csproj", "{91EA133A-CC6E-4654-947C-475019E5B7D8}"
EndProject
Project("{FAE04EC0-301F-11D3-BF4B-00C04F79EFBC}") = "Structs", "Structs\Structs.csproj", "{82858BFF-ED31-45B5-B75D-11FEE1C5912E}"
EndProject
Project("{FAE04EC0-301F-11D3-BF4B-00C04F79EFBC}") = "Array", "Array\Array.csproj", "{979FF6ED-8CB8-4FBF-BAF4-640A1B327352}"
EndProject
Project("{FAE04EC0-301F-11D3-BF4B-00C04F79EFBC}") = "Strings", "Strings\Strings.csproj", "{800539E0-291D-4599-97A4-EE73C5EF0859}"
EndProject
Project("{FAE04EC0-301F-11D3-BF4B-00C04F79EFBC}") = "Enum", "Enum\Enum.csproj", "{08EBA6B7-3C29-45EF-8F10-5ED345F82028}"
EndProject
Project("{FAE04EC0-301F-11D3-BF4B-00C04F79EFBC}") = "ValueReferenceTypes", "ValueReferenceTypes\ValueReferenceTypes.csproj", "{199128E3-EFCC-4576-9F1E-CB3F2169611D}"
EndProject
Project("{FAE04EC0-301F-11D3-BF4B-00C04F79EFBC}") = "StringCompare", "StringCompare\StringCompare.csproj", "{4B6CFE7D-5741-4494-AF96-C7F05F3307B2}"
EndProject
Project("{FAE04EC0-301F-11D3-BF4B-00C04F79EFBC}") = "StringSearching", "StringSearching\StringSearching.csproj", "{E5924326-ED5A-4CE8-81B8-818C58A975D4}"
EndProject
Project("{FAE04EC0-301F-11D3-BF4B-00C04F79EFBC}") = "StringConcatSplit", "StringConcatSplit\StringConcatSplit.csproj", "{3B014C24-7B84-499E-987B-882D8062B8EC}"
EndProject
Project("{FAE04EC0-301F-11D3-BF4B-00C04F79EFBC}") = "StringChanging", "StringChanging\StringChanging.csproj", "{67A94082-16D3-46F9-876F-675063ACA7C6}"
EndProject
Project("{FAE04EC0-301F-11D3-BF4B-00C04F79EFBC}") = "StringApp", "StringApp\StringApp.csproj", "{84641C69-2765-4BCE-B6D5-5D14F8CCA140}"
EndProject
Project("{FAE04EC0-301F-11D3-BF4B-00C04F79EFBC}") = "UsignStringBuilder", "UsignStringBuilder\UsignStringBuilder.csproj", "{99C3B869-449D-40AE-BC2B-938AFD3CA909}"
EndProject
Project("{FAE04EC0-301F-11D3-BF4B-00C04F79EFBC}") = "UsingDateTime", "UsingDateTime\UsingDateTime.csproj", "{BF16C6FE-92EE-4979-8979-36D367962DFE}"
EndProject
Project("{FAE04EC0-301F-11D3-BF4B-00C04F79EFBC}") = "UsignTimeSpan", "UsignTimeSpan\UsignTimeSpan.csproj", "{620FFB7C-6468-4C60-9D39-557BE8A32333}"
EndProject
Project("{FAE04EC0-301F-11D3-BF4B-00C04F79EFBC}") = "UsignArray", "UsignArray\UsignArray.csproj", "{716DED6F-0ECA-4A33-9C69-D071F52B9FF9}"
EndProject
Project("{FAE04EC0-301F-11D3-BF4B-00C04F79EFBC}") = "MultiDimentionArray", "MultiDimentionArray\MultiDimentionArray.csproj", "{27982135-26F1-462A-A5F6-6A594DB2ACEB}"
EndProject
Project("{FAE04EC0-301F-11D3-BF4B-00C04F79EFBC}") = "ArrayMethods", "ArrayMethods\ArrayMethods.csproj", "{B2BEAF44-D34B-4303-84C0-61B071904E5B}"
EndProject
Project("{FAE04EC0-301F-11D3-BF4B-00C04F79EFBC}") = "UsingList", "UsignList\UsingList.csproj", "{02B59C8C-5BCE-4F0A-A2FD-1CAD8542F703}"
EndProject
Project("{FAE04EC0-301F-11D3-BF4B-00C04F79EFBC}") = "ListMethods", "ListMethods\ListMethods.csproj", "{A42AAFF6-A52B-40BF-B0AB-C6F05707FE7B}"
EndProject
Global
	GlobalSection(SolutionConfigurationPlatforms) = preSolution
		Debug|Any CPU = Debug|Any CPU
		Release|Any CPU = Release|Any CPU
	EndGlobalSection
	GlobalSection(ProjectConfigurationPlatforms) = postSolution
		{56FB5710-809D-472E-B5FA-AF4E0BB8A502}.Debug|Any CPU.ActiveCfg = Debug|Any CPU
		{56FB5710-809D-472E-B5FA-AF4E0BB8A502}.Debug|Any CPU.Build.0 = Debug|Any CPU
		{56FB5710-809D-472E-B5FA-AF4E0BB8A502}.Release|Any CPU.ActiveCfg = Release|Any CPU
		{56FB5710-809D-472E-B5FA-AF4E0BB8A502}.Release|Any CPU.Build.0 = Release|Any CPU
		{3325F03B-F13B-47BA-96B3-331E72428026}.Debug|Any CPU.ActiveCfg = Debug|Any CPU
		{3325F03B-F13B-47BA-96B3-331E72428026}.Debug|Any CPU.Build.0 = Debug|Any CPU
		{3325F03B-F13B-47BA-96B3-331E72428026}.Release|Any CPU.ActiveCfg = Release|Any CPU
		{3325F03B-F13B-47BA-96B3-331E72428026}.Release|Any CPU.Build.0 = Release|Any CPU
		{F84E5F4D-2F6E-4F07-A4F6-C70043F3E0E3}.Debug|Any CPU.ActiveCfg = Debug|Any CPU
		{F84E5F4D-2F6E-4F07-A4F6-C70043F3E0E3}.Debug|Any CPU.Build.0 = Debug|Any CPU
		{F84E5F4D-2F6E-4F07-A4F6-C70043F3E0E3}.Release|Any CPU.ActiveCfg = Release|Any CPU
		{F84E5F4D-2F6E-4F07-A4F6-C70043F3E0E3}.Release|Any CPU.Build.0 = Release|Any CPU
		{91EA133A-CC6E-4654-947C-475019E5B7D8}.Debug|Any CPU.ActiveCfg = Debug|Any CPU
		{91EA133A-CC6E-4654-947C-475019E5B7D8}.Debug|Any CPU.Build.0 = Debug|Any CPU
		{91EA133A-CC6E-4654-947C-475019E5B7D8}.Release|Any CPU.ActiveCfg = Release|Any CPU
		{91EA133A-CC6E-4654-947C-475019E5B7D8}.Release|Any CPU.Build.0 = Release|Any CPU
		{82858BFF-ED31-45B5-B75D-11FEE1C5912E}.Debug|Any CPU.ActiveCfg = Debug|Any CPU
		{82858BFF-ED31-45B5-B75D-11FEE1C5912E}.Debug|Any CPU.Build.0 = Debug|Any CPU
		{82858BFF-ED31-45B5-B75D-11FEE1C5912E}.Release|Any CPU.ActiveCfg = Release|Any CPU
		{82858BFF-ED31-45B5-B75D-11FEE1C5912E}.Release|Any CPU.Build.0 = Release|Any CPU
		{979FF6ED-8CB8-4FBF-BAF4-640A1B327352}.Debug|Any CPU.ActiveCfg = Debug|Any CPU
		{979FF6ED-8CB8-4FBF-BAF4-640A1B327352}.Debug|Any CPU.Build.0 = Debug|Any CPU
		{979FF6ED-8CB8-4FBF-BAF4-640A1B327352}.Release|Any CPU.ActiveCfg = Release|Any CPU
		{979FF6ED-8CB8-4FBF-BAF4-640A1B327352}.Release|Any CPU.Build.0 = Release|Any CPU
		{800539E0-291D-4599-97A4-EE73C5EF0859}.Debug|Any CPU.ActiveCfg = Debug|Any CPU
		{800539E0-291D-4599-97A4-EE73C5EF0859}.Debug|Any CPU.Build.0 = Debug|Any CPU
		{800539E0-291D-4599-97A4-EE73C5EF0859}.Release|Any CPU.ActiveCfg = Release|Any CPU
		{800539E0-291D-4599-97A4-EE73C5EF0859}.Release|Any CPU.Build.0 = Release|Any CPU
		{08EBA6B7-3C29-45EF-8F10-5ED345F82028}.Debug|Any CPU.ActiveCfg = Debug|Any CPU
		{08EBA6B7-3C29-45EF-8F10-5ED345F82028}.Debug|Any CPU.Build.0 = Debug|Any CPU
		{08EBA6B7-3C29-45EF-8F10-5ED345F82028}.Release|Any CPU.ActiveCfg = Release|Any CPU
		{08EBA6B7-3C29-45EF-8F10-5ED345F82028}.Release|Any CPU.Build.0 = Release|Any CPU
		{199128E3-EFCC-4576-9F1E-CB3F2169611D}.Debug|Any CPU.ActiveCfg = Debug|Any CPU
		{199128E3-EFCC-4576-9F1E-CB3F2169611D}.Debug|Any CPU.Build.0 = Debug|Any CPU
		{199128E3-EFCC-4576-9F1E-CB3F2169611D}.Release|Any CPU.ActiveCfg = Release|Any CPU
		{199128E3-EFCC-4576-9F1E-CB3F2169611D}.Release|Any CPU.Build.0 = Release|Any CPU
		{4B6CFE7D-5741-4494-AF96-C7F05F3307B2}.Debug|Any CPU.ActiveCfg = Debug|Any CPU
		{4B6CFE7D-5741-4494-AF96-C7F05F3307B2}.Debug|Any CPU.Build.0 = Debug|Any CPU
		{4B6CFE7D-5741-4494-AF96-C7F05F3307B2}.Release|Any CPU.ActiveCfg = Release|Any CPU
		{4B6CFE7D-5741-4494-AF96-C7F05F3307B2}.Release|Any CPU.Build.0 = Release|Any CPU
		{E5924326-ED5A-4CE8-81B8-818C58A975D4}.Debug|Any CPU.ActiveCfg = Debug|Any CPU
		{E5924326-ED5A-4CE8-81B8-818C58A975D4}.Debug|Any CPU.Build.0 = Debug|Any CPU
		{E5924326-ED5A-4CE8-81B8-818C58A975D4}.Release|Any CPU.ActiveCfg = Release|Any CPU
		{E5924326-ED5A-4CE8-81B8-818C58A975D4}.Release|Any CPU.Build.0 = Release|Any CPU
		{3B014C24-7B84-499E-987B-882D8062B8EC}.Debug|Any CPU.ActiveCfg = Debug|Any CPU
		{3B014C24-7B84-499E-987B-882D8062B8EC}.Debug|Any CPU.Build.0 = Debug|Any CPU
		{3B014C24-7B84-499E-987B-882D8062B8EC}.Release|Any CPU.ActiveCfg = Release|Any CPU
		{3B014C24-7B84-499E-987B-882D8062B8EC}.Release|Any CPU.Build.0 = Release|Any CPU
		{67A94082-16D3-46F9-876F-675063ACA7C6}.Debug|Any CPU.ActiveCfg = Debug|Any CPU
		{67A94082-16D3-46F9-876F-675063ACA7C6}.Debug|Any CPU.Build.0 = Debug|Any CPU
		{67A94082-16D3-46F9-876F-675063ACA7C6}.Release|Any CPU.ActiveCfg = Release|Any CPU
		{67A94082-16D3-46F9-876F-675063ACA7C6}.Release|Any CPU.Build.0 = Release|Any CPU
		{84641C69-2765-4BCE-B6D5-5D14F8CCA140}.Debug|Any CPU.ActiveCfg = Debug|Any CPU
		{84641C69-2765-4BCE-B6D5-5D14F8CCA140}.Debug|Any CPU.Build.0 = Debug|Any CPU
		{84641C69-2765-4BCE-B6D5-5D14F8CCA140}.Release|Any CPU.ActiveCfg = Release|Any CPU
		{84641C69-2765-4BCE-B6D5-5D14F8CCA140}.Release|Any CPU.Build.0 = Release|Any CPU
		{99C3B869-449D-40AE-BC2B-938AFD3CA909}.Debug|Any CPU.ActiveCfg = Debug|Any CPU
		{99C3B869-449D-40AE-BC2B-938AFD3CA909}.Debug|Any CPU.Build.0 = Debug|Any CPU
		{99C3B869-449D-40AE-BC2B-938AFD3CA909}.Release|Any CPU.ActiveCfg = Release|Any CPU
		{99C3B869-449D-40AE-BC2B-938AFD3CA909}.Release|Any CPU.Build.0 = Release|Any CPU
		{BF16C6FE-92EE-4979-8979-36D367962DFE}.Debug|Any CPU.ActiveCfg = Debug|Any CPU
		{BF16C6FE-92EE-4979-8979-36D367962DFE}.Debug|Any CPU.Build.0 = Debug|Any CPU
		{BF16C6FE-92EE-4979-8979-36D367962DFE}.Release|Any CPU.ActiveCfg = Release|Any CPU
		{BF16C6FE-92EE-4979-8979-36D367962DFE}.Release|Any CPU.Build.0 = Release|Any CPU
		{620FFB7C-6468-4C60-9D39-557BE8A32333}.Debug|Any CPU.ActiveCfg = Debug|Any CPU
		{620FFB7C-6468-4C60-9D39-557BE8A32333}.Debug|Any CPU.Build.0 = Debug|Any CPU
		{620FFB7C-6468-4C60-9D39-557BE8A32333}.Release|Any CPU.ActiveCfg = Release|Any CPU
		{620FFB7C-6468-4C60-9D39-557BE8A32333}.Release|Any CPU.Build.0 = Release|Any CPU
		{716DED6F-0ECA-4A33-9C69-D071F52B9FF9}.Debug|Any CPU.ActiveCfg = Debug|Any CPU
		{716DED6F-0ECA-4A33-9C69-D071F52B9FF9}.Debug|Any CPU.Build.0 = Debug|Any CPU
		{716DED6F-0ECA-4A33-9C69-D071F52B9FF9}.Release|Any CPU.ActiveCfg = Release|Any CPU
		{716DED6F-0ECA-4A33-9C69-D071F52B9FF9}.Release|Any CPU.Build.0 = Release|Any CPU
		{27982135-26F1-462A-A5F6-6A594DB2ACEB}.Debug|Any CPU.ActiveCfg = Debug|Any CPU
		{27982135-26F1-462A-A5F6-6A594DB2ACEB}.Debug|Any CPU.Build.0 = Debug|Any CPU
		{27982135-26F1-462A-A5F6-6A594DB2ACEB}.Release|Any CPU.ActiveCfg = Release|Any CPU
		{27982135-26F1-462A-A5F6-6A594DB2ACEB}.Release|Any CPU.Build.0 = Release|Any CPU
		{B2BEAF44-D34B-4303-84C0-61B071904E5B}.Debug|Any CPU.ActiveCfg = Debug|Any CPU
		{B2BEAF44-D34B-4303-84C0-61B071904E5B}.Debug|Any CPU.Build.0 = Debug|Any CPU
		{B2BEAF44-D34B-4303-84C0-61B071904E5B}.Release|Any CPU.ActiveCfg = Release|Any CPU
		{B2BEAF44-D34B-4303-84C0-61B071904E5B}.Release|Any CPU.Build.0 = Release|Any CPU
		{02B59C8C-5BCE-4F0A-A2FD-1CAD8542F703}.Debug|Any CPU.ActiveCfg = Debug|Any CPU
		{02B59C8C-5BCE-4F0A-A2FD-1CAD8542F703}.Debug|Any CPU.Build.0 = Debug|Any CPU
		{02B59C8C-5BCE-4F0A-A2FD-1CAD8542F703}.Release|Any CPU.ActiveCfg = Release|Any CPU
		{02B59C8C-5BCE-4F0A-A2FD-1CAD8542F703}.Release|Any CPU.Build.0 = Release|Any CPU
		{A42AAFF6-A52B-40BF-B0AB-C6F05707FE7B}.Debug|Any CPU.ActiveCfg = Debug|Any CPU
		{A42AAFF6-A52B-40BF-B0AB-C6F05707FE7B}.Debug|Any CPU.Build.0 = Debug|Any CPU
		{A42AAFF6-A52B-40BF-B0AB-C6F05707FE7B}.Release|Any CPU.ActiveCfg = Release|Any CPU
		{A42AAFF6-A52B-40BF-B0AB-C6F05707FE7B}.Release|Any CPU.Build.0 = Release|Any CPU
	EndGlobalSection
	GlobalSection(SolutionProperties) = preSolution
		HideSolutionNode = FALSE
	EndGlobalSection
	GlobalSection(ExtensibilityGlobals) = postSolution
		SolutionGuid = {C5392602-36C8-4C16-ADA6-DD4397CD046A}
	EndGlobalSection
EndGlobal
